// !$*UTF8*$!
{
	archiveVersion = 1;
	classes = {
	};
	objectVersion = 46;
	objects = {

/* Begin PBXBuildFile section */
		6D4B9B801C7DF015007B0D6F /* main.m in Sources */ = {isa = PBXBuildFile; fileRef = 6D4B9B7F1C7DF015007B0D6F /* main.m */; };
		6D4B9B831C7DF015007B0D6F /* AppDelegate.m in Sources */ = {isa = PBXBuildFile; fileRef = 6D4B9B821C7DF015007B0D6F /* AppDelegate.m */; };
		6D4B9B861C7DF015007B0D6F /* ViewController.m in Sources */ = {isa = PBXBuildFile; fileRef = 6D4B9B851C7DF015007B0D6F /* ViewController.m */; };
		6D4B9B891C7DF015007B0D6F /* Main.storyboard in Resources */ = {isa = PBXBuildFile; fileRef = 6D4B9B871C7DF015007B0D6F /* Main.storyboard */; };
		6D4B9B8B1C7DF015007B0D6F /* Assets.xcassets in Resources */ = {isa = PBXBuildFile; fileRef = 6D4B9B8A1C7DF015007B0D6F /* Assets.xcassets */; };
		6D4B9B8E1C7DF015007B0D6F /* LaunchScreen.storyboard in Resources */ = {isa = PBXBuildFile; fileRef = 6D4B9B8C1C7DF015007B0D6F /* LaunchScreen.storyboard */; };
		6D4B9B991C7DF015007B0D6F /* AFN__Tests.m in Sources */ = {isa = PBXBuildFile; fileRef = 6D4B9B981C7DF015007B0D6F /* AFN__Tests.m */; };
		6D4B9BA41C7DF015007B0D6F /* AFN__UITests.m in Sources */ = {isa = PBXBuildFile; fileRef = 6D4B9BA31C7DF015007B0D6F /* AFN__UITests.m */; };
/* End PBXBuildFile section */

/* Begin PBXContainerItemProxy section */
		6D4B9B951C7DF015007B0D6F /* PBXContainerItemProxy */ = {
			isa = PBXContainerItemProxy;
			containerPortal = 6D4B9B731C7DF015007B0D6F /* Project object */;
			proxyType = 1;
			remoteGlobalIDString = 6D4B9B7A1C7DF015007B0D6F;
			remoteInfo = "AFN演练";
		};
		6D4B9BA01C7DF015007B0D6F /* PBXContainerItemProxy */ = {
			isa = PBXContainerItemProxy;
			containerPortal = 6D4B9B731C7DF015007B0D6F /* Project object */;
			proxyType = 1;
			remoteGlobalIDString = 6D4B9B7A1C7DF015007B0D6F;
			remoteInfo = "AFN演练";
		};
/* End PBXContainerItemProxy section */

/* Begin PBXFileReference section */
		6D4B9B7B1C7DF015007B0D6F /* AFN演练.app */ = {isa = PBXFileReference; explicitFileType = wrapper.application; includeInIndex = 0; path = "AFN演练.app"; sourceTree = BUILT_PRODUCTS_DIR; };
		6D4B9B7F1C7DF015007B0D6F /* main.m */ = {isa = PBXFileReference; lastKnownFileType = sourcecode.c.objc; path = main.m; sourceTree = "<group>"; };
		6D4B9B811C7DF015007B0D6F /* AppDelegate.h */ = {isa = PBXFileReference; lastKnownFileType = sourcecode.c.h; path = AppDelegate.h; sourceTree = "<group>"; };
		6D4B9B821C7DF015007B0D6F /* AppDelegate.m */ = {isa = PBXFileReference; lastKnownFileType = sourcecode.c.objc; path = AppDelegate.m; sourceTree = "<group>"; };
		6D4B9B841C7DF015007B0D6F /* ViewController.h */ = {isa = PBXFileReference; lastKnownFileType = sourcecode.c.h; path = ViewController.h; sourceTree = "<group>"; };
		6D4B9B851C7DF015007B0D6F /* ViewController.m */ = {isa = PBXFileReference; lastKnownFileType = sourcecode.c.objc; path = ViewController.m; sourceTree = "<group>"; };
		6D4B9B881C7DF015007B0D6F /* Base */ = {isa = PBXFileReference; lastKnownFileType = file.storyboard; name = Base; path = Base.lproj/Main.storyboard; sourceTree = "<group>"; };
		6D4B9B8A1C7DF015007B0D6F /* Assets.xcassets */ = {isa = PBXFileReference; lastKnownFileType = folder.assetcatalog; path = Assets.xcassets; sourceTree = "<group>"; };
		6D4B9B8D1C7DF015007B0D6F /* Base */ = {isa = PBXFileReference; lastKnownFileType = file.storyboard; name = Base; path = Base.lproj/LaunchScreen.storyboard; sourceTree = "<group>"; };
		6D4B9B8F1C7DF015007B0D6F /* Info.plist */ = {isa = PBXFileReference; lastKnownFileType = text.plist.xml; path = Info.plist; sourceTree = "<group>"; };
		6D4B9B941C7DF015007B0D6F /* AFN演练Tests.xctest */ = {isa = PBXFileReference; explicitFileType = wrapper.cfbundle; includeInIndex = 0; path = "AFN演练Tests.xctest"; sourceTree = BUILT_PRODUCTS_DIR; };
		6D4B9B981C7DF015007B0D6F /* AFN__Tests.m */ = {isa = PBXFileReference; lastKnownFileType = sourcecode.c.objc; path = AFN__Tests.m; sourceTree = "<group>"; };
		6D4B9B9A1C7DF015007B0D6F /* Info.plist */ = {isa = PBXFileReference; lastKnownFileType = text.plist.xml; path = Info.plist; sourceTree = "<group>"; };
		6D4B9B9F1C7DF015007B0D6F /* AFN演练UITests.xctest */ = {isa = PBXFileReference; explicitFileType = wrapper.cfbundle; includeInIndex = 0; path = "AFN演练UITests.xctest"; sourceTree = BUILT_PRODUCTS_DIR; };
		6D4B9BA31C7DF015007B0D6F /* AFN__UITests.m */ = {isa = PBXFileReference; lastKnownFileType = sourcecode.c.objc; path = AFN__UITests.m; sourceTree = "<group>"; };
		6D4B9BA51C7DF015007B0D6F /* Info.plist */ = {isa = PBXFileReference; lastKnownFileType = text.plist.xml; path = Info.plist; sourceTree = "<group>"; };
/* End PBXFileReference section */

/* Begin PBXFrameworksBuildPhase section */
		6D4B9B781C7DF015007B0D6F /* Frameworks */ = {
			isa = PBXFrameworksBuildPhase;
			buildActionMask = 2147483647;
			files = (
			);
			runOnlyForDeploymentPostprocessing = 0;
		};
		6D4B9B911C7DF015007B0D6F /* Frameworks */ = {
			isa = PBXFrameworksBuildPhase;
			buildActionMask = 2147483647;
			files = (
			);
			runOnlyForDeploymentPostprocessing = 0;
		};
		6D4B9B9C1C7DF015007B0D6F /* Frameworks */ = {
			isa = PBXFrameworksBuildPhase;
			buildActionMask = 2147483647;
			files = (
			);
			runOnlyForDeploymentPostprocessing = 0;
		};
/* End PBXFrameworksBuildPhase section */

/* Begin PBXGroup section */
		6D4B9B721C7DF015007B0D6F = {
			isa = PBXGroup;
			children = (
				6D4B9B7D1C7DF015007B0D6F /* AFN演练 */,
				6D4B9B971C7DF015007B0D6F /* AFN演练Tests */,
				6D4B9BA21C7DF015007B0D6F /* AFN演练UITests */,
				6D4B9B7C1C7DF015007B0D6F /* Products */,
			);
			sourceTree = "<group>";
		};
		6D4B9B7C1C7DF015007B0D6F /* Products */ = {
			isa = PBXGroup;
			children = (
				6D4B9B7B1C7DF015007B0D6F /* AFN演练.app */,
				6D4B9B941C7DF015007B0D6F /* AFN演练Tests.xctest */,
				6D4B9B9F1C7DF015007B0D6F /* AFN演练UITests.xctest */,
			);
			name = Products;
			sourceTree = "<group>";
		};
		6D4B9B7D1C7DF015007B0D6F /* AFN演练 */ = {
			isa = PBXGroup;
			children = (
				6D4B9B811C7DF015007B0D6F /* AppDelegate.h */,
				6D4B9B821C7DF015007B0D6F /* AppDelegate.m */,
				6D4B9B841C7DF015007B0D6F /* ViewController.h */,
				6D4B9B851C7DF015007B0D6F /* ViewController.m */,
				6D4B9B871C7DF015007B0D6F /* Main.storyboard */,
				6D4B9B8A1C7DF015007B0D6F /* Assets.xcassets */,
				6D4B9B8C1C7DF015007B0D6F /* LaunchScreen.storyboard */,
				6D4B9B8F1C7DF015007B0D6F /* Info.plist */,
				6D4B9B7E1C7DF015007B0D6F /* Supporting Files */,
			);
			path = "AFN演练";
			sourceTree = "<group>";
		};
		6D4B9B7E1C7DF015007B0D6F /* Supporting Files */ = {
			isa = PBXGroup;
			children = (
				6D4B9B7F1C7DF015007B0D6F /* main.m */,
			);
			name = "Supporting Files";
			sourceTree = "<group>";
		};
		6D4B9B971C7DF015007B0D6F /* AFN演练Tests */ = {
			isa = PBXGroup;
			children = (
				6D4B9B981C7DF015007B0D6F /* AFN__Tests.m */,
				6D4B9B9A1C7DF015007B0D6F /* Info.plist */,
			);
			path = "AFN演练Tests";
			sourceTree = "<group>";
		};
		6D4B9BA21C7DF015007B0D6F /* AFN演练UITests */ = {
			isa = PBXGroup;
			children = (
				6D4B9BA31C7DF015007B0D6F /* AFN__UITests.m */,
				6D4B9BA51C7DF015007B0D6F /* Info.plist */,
			);
			path = "AFN演练UITests";
			sourceTree = "<group>";
		};
/* End PBXGroup section */

/* Begin PBXNativeTarget section */
		6D4B9B7A1C7DF015007B0D6F /* AFN演练 */ = {
			isa = PBXNativeTarget;
			buildConfigurationList = 6D4B9BA81C7DF015007B0D6F /* Build configuration list for PBXNativeTarget "AFN演练" */;
			buildPhases = (
				6D4B9B771C7DF015007B0D6F /* Sources */,
				6D4B9B781C7DF015007B0D6F /* Frameworks */,
				6D4B9B791C7DF015007B0D6F /* Resources */,
			);
			buildRules = (
			);
			dependencies = (
			);
			name = "AFN演练";
			productName = "AFN演练";
			productReference = 6D4B9B7B1C7DF015007B0D6F /* AFN演练.app */;
			productType = "com.apple.product-type.application";
		};
		6D4B9B931C7DF015007B0D6F /* AFN演练Tests */ = {
			isa = PBXNativeTarget;
			buildConfigurationList = 6D4B9BAB1C7DF015007B0D6F /* Build configuration list for PBXNativeTarget "AFN演练Tests" */;
			buildPhases = (
				6D4B9B901C7DF015007B0D6F /* Sources */,
				6D4B9B911C7DF015007B0D6F /* Frameworks */,
				6D4B9B921C7DF015007B0D6F /* Resources */,
			);
			buildRules = (
			);
			dependencies = (
				6D4B9B961C7DF015007B0D6F /* PBXTargetDependency */,
			);
			name = "AFN演练Tests";
			productName = "AFN演练Tests";
			productReference = 6D4B9B941C7DF015007B0D6F /* AFN演练Tests.xctest */;
			productType = "com.apple.product-type.bundle.unit-test";
		};
		6D4B9B9E1C7DF015007B0D6F /* AFN演练UITests */ = {
			isa = PBXNativeTarget;
			buildConfigurationList = 6D4B9BAE1C7DF015007B0D6F /* Build configuration list for PBXNativeTarget "AFN演练UITests" */;
			buildPhases = (
				6D4B9B9B1C7DF015007B0D6F /* Sources */,
				6D4B9B9C1C7DF015007B0D6F /* Frameworks */,
				6D4B9B9D1C7DF015007B0D6F /* Resources */,
			);
			buildRules = (
			);
			dependencies = (
				6D4B9BA11C7DF015007B0D6F /* PBXTargetDependency */,
			);
			name = "AFN演练UITests";
			productName = "AFN演练UITests";
			productReference = 6D4B9B9F1C7DF015007B0D6F /* AFN演练UITests.xctest */;
			productType = "com.apple.product-type.bundle.ui-testing";
		};
/* End PBXNativeTarget section */

/* Begin PBXProject section */
		6D4B9B731C7DF015007B0D6F /* Project object */ = {
			isa = PBXProject;
			attributes = {
				LastUpgradeCheck = 0720;
				ORGANIZATIONNAME = "王庆岩";
				TargetAttributes = {
					6D4B9B7A1C7DF015007B0D6F = {
						CreatedOnToolsVersion = 7.2;
						DevelopmentTeam = M88M733323;
					};
					6D4B9B931C7DF015007B0D6F = {
						CreatedOnToolsVersion = 7.2;
						DevelopmentTeam = M88M733323;
						TestTargetID = 6D4B9B7A1C7DF015007B0D6F;
					};
					6D4B9B9E1C7DF015007B0D6F = {
						CreatedOnToolsVersion = 7.2;
						DevelopmentTeam = M88M733323;
						TestTargetID = 6D4B9B7A1C7DF015007B0D6F;
					};
				};
			};
			buildConfigurationList = 6D4B9B761C7DF015007B0D6F /* Build configuration list for PBXProject "AFN演练" */;
			compatibilityVersion = "Xcode 3.2";
			developmentRegion = English;
			hasScannedForEncodings = 0;
			knownRegions = (
				en,
				Base,
			);
			mainGroup = 6D4B9B721C7DF015007B0D6F;
			productRefGroup = 6D4B9B7C1C7DF015007B0D6F /* Products */;
			projectDirPath = "";
			projectRoot = "";
			targets = (
				6D4B9B7A1C7DF015007B0D6F /* AFN演练 */,
				6D4B9B931C7DF015007B0D6F /* AFN演练Tests */,
				6D4B9B9E1C7DF015007B0D6F /* AFN演练UITests */,
			);
		};
/* End PBXProject section */

/* Begin PBXResourcesBuildPhase section */
		6D4B9B791C7DF015007B0D6F /* Resources */ = {
			isa = PBXResourcesBuildPhase;
			buildActionMask = 2147483647;
			files = (
				6D4B9B8E1C7DF015007B0D6F /* LaunchScreen.storyboard in Resources */,
				6D4B9B8B1C7DF015007B0D6F /* Assets.xcassets in Resources */,
				6D4B9B891C7DF015007B0D6F /* Main.storyboard in Resources */,
			);
			runOnlyForDeploymentPostprocessing = 0;
		};
		6D4B9B921C7DF015007B0D6F /* Resources */ = {
			isa = PBXResourcesBuildPhase;
			buildActionMask = 2147483647;
			files = (
			);
			runOnlyForDeploymentPostprocessing = 0;
		};
		6D4B9B9D1C7DF015007B0D6F /* Resources */ = {
			isa = PBXResourcesBuildPhase;
			buildActionMask = 2147483647;
			files = (
			);
			runOnlyForDeploymentPostprocessing = 0;
		};
/* End PBXResourcesBuildPhase section */

/* Begin PBXSourcesBuildPhase section */
		6D4B9B771C7DF015007B0D6F /* Sources */ = {
			isa = PBXSourcesBuildPhase;
			buildActionMask = 2147483647;
			files = (
				6D4B9B861C7DF015007B0D6F /* ViewController.m in Sources */,
				6D4B9B831C7DF015007B0D6F /* AppDelegate.m in Sources */,
				6D4B9B801C7DF015007B0D6F /* main.m in Sources */,
			);
			runOnlyForDeploymentPostprocessing = 0;
		};
		6D4B9B901C7DF015007B0D6F /* Sources */ = {
			isa = PBXSourcesBuildPhase;
			buildActionMask = 2147483647;
			files = (
				6D4B9B991C7DF015007B0D6F /* AFN__Tests.m in Sources */,
			);
			runOnlyForDeploymentPostprocessing = 0;
		};
		6D4B9B9B1C7DF015007B0D6F /* Sources */ = {
			isa = PBXSourcesBuildPhase;
			buildActionMask = 2147483647;
			files = (
				6D4B9BA41C7DF015007B0D6F /* AFN__UITests.m in Sources */,
			);
			runOnlyForDeploymentPostprocessing = 0;
		};
/* End PBXSourcesBuildPhase section */

/* Begin PBXTargetDependency section */
		6D4B9B961C7DF015007B0D6F /* PBXTargetDependency */ = {
			isa = PBXTargetDependency;
			target = 6D4B9B7A1C7DF015007B0D6F /* AFN演练 */;
			targetProxy = 6D4B9B951C7DF015007B0D6F /* PBXContainerItemProxy */;
		};
		6D4B9BA11C7DF015007B0D6F /* PBXTargetDependency */ = {
			isa = PBXTargetDependency;
			target = 6D4B9B7A1C7DF015007B0D6F /* AFN演练 */;
			targetProxy = 6D4B9BA01C7DF015007B0D6F /* PBXContainerItemProxy */;
		};
/* End PBXTargetDependency section */

/* Begin PBXVariantGroup section */
		6D4B9B871C7DF015007B0D6F /* Main.storyboard */ = {
			isa = PBXVariantGroup;
			children = (
				6D4B9B881C7DF015007B0D6F /* Base */,
			);
			name = Main.storyboard;
			sourceTree = "<group>";
		};
		6D4B9B8C1C7DF015007B0D6F /* LaunchScreen.storyboard */ = {
			isa = PBXVariantGroup;
			children = (
				6D4B9B8D1C7DF015007B0D6F /* Base */,
			);
			name = LaunchScreen.storyboard;
			sourceTree = "<group>";
		};
/* End PBXVariantGroup section */

/* Begin XCBuildConfiguration section */
		6D4B9BA61C7DF015007B0D6F /* Debug */ = {
			isa = XCBuildConfiguration;
			buildSettings = {
				ALWAYS_SEARCH_USER_PATHS = NO;
				CLANG_CXX_LANGUAGE_STANDARD = "gnu++0x";
				CLANG_CXX_LIBRARY = "libc++";
				CLANG_ENABLE_MODULES = YES;
				CLANG_ENABLE_OBJC_ARC = YES;
				CLANG_WARN_BOOL_CONVERSION = YES;
				CLANG_WARN_CONSTANT_CONVERSION = YES;
				CLANG_WARN_DIRECT_OBJC_ISA_USAGE = YES_ERROR;
				CLANG_WARN_EMPTY_BODY = YES;
				CLANG_WARN_ENUM_CONVERSION = YES;
				CLANG_WARN_INT_CONVERSION = YES;
				CLANG_WARN_OBJC_ROOT_CLASS = YES_ERROR;
				CLANG_WARN_UNREACHABLE_CODE = YES;
				CLANG_WARN__DUPLICATE_METHOD_MATCH = YES;
				"CODE_SIGN_IDENTITY[sdk=iphoneos*]" = "iPhone Developer";
				COPY_PHASE_STRIP = NO;
				DEBUG_INFORMATION_FORMAT = dwarf;
				ENABLE_STRICT_OBJC_MSGSEND = YES;
				ENABLE_TESTABILITY = YES;
				GCC_C_LANGUAGE_STANDARD = gnu99;
				GCC_DYNAMIC_NO_PIC = NO;
				GCC_NO_COMMON_BLOCKS = YES;
				GCC_OPTIMIZATION_LEVEL = 0;
				GCC_PREPROCESSOR_DEFINITIONS = (
					"DEBUG=1",
					"$(inherited)",
				);
				GCC_WARN_64_TO_32_BIT_CONVERSION = YES;
				GCC_WARN_ABOUT_RETURN_TYPE = YES_ERROR;
				GCC_WARN_UNDECLARED_SELECTOR = YES;
				GCC_WARN_UNINITIALIZED_AUTOS = YES_AGGRESSIVE;
				GCC_WARN_UNUSED_FUNCTION = YES;
				GCC_WARN_UNUSED_VARIABLE = YES;
				IPHONEOS_DEPLOYMENT_TARGET = 9.2;
				MTL_ENABLE_DEBUG_INFO = YES;
				ONLY_ACTIVE_ARCH = YES;
				SDKROOT = iphoneos;
				TARGETED_DEVICE_FAMILY = "1,2";
			};
			name = Debug;
		};
		6D4B9BA71C7DF015007B0D6F /* Release */ = {
			isa = XCBuildConfiguration;
			buildSettings = {
				ALWAYS_SEARCH_USER_PATHS = NO;
				CLANG_CXX_LANGUAGE_STANDARD = "gnu++0x";
				CLANG_CXX_LIBRARY = "libc++";
				CLANG_ENABLE_MODULES = YES;
				CLANG_ENABLE_OBJC_ARC = YES;
				CLANG_WARN_BOOL_CONVERSION = YES;
				CLANG_WARN_CONSTANT_CONVERSION = YES;
				CLANG_WARN_DIRECT_OBJC_ISA_USAGE = YES_ERROR;
				CLANG_WARN_EMPTY_BODY = YES;
				CLANG_WARN_ENUM_CONVERSION = YES;
				CLANG_WARN_INT_CONVERSION = YES;
				CLANG_WARN_OBJC_ROOT_CLASS = YES_ERROR;
				CLANG_WARN_UNREACHABLE_CODE = YES;
				CLANG_WARN__DUPLICATE_METHOD_MATCH = YES;
				"CODE_SIGN_IDENTITY[sdk=iphoneos*]" = "iPhone Developer";
				COPY_PHASE_STRIP = NO;
				DEBUG_INFORMATION_FORMAT = "dwarf-with-dsym";
				ENABLE_NS_ASSERTIONS = NO;
				ENABLE_STRICT_OBJC_MSGSEND = YES;
				GCC_C_LANGUAGE_STANDARD = gnu99;
				GCC_NO_COMMON_BLOCKS = YES;
				GCC_WARN_64_TO_32_BIT_CONVERSION = YES;
				GCC_WARN_ABOUT_RETURN_TYPE = YES_ERROR;
				GCC_WARN_UNDECLARED_SELECTOR = YES;
				GCC_WARN_UNINITIALIZED_AUTOS = YES_AGGRESSIVE;
				GCC_WARN_UNUSED_FUNCTION = YES;
				GCC_WARN_UNUSED_VARIABLE = YES;
				IPHONEOS_DEPLOYMENT_TARGET = 9.2;
				MTL_ENABLE_DEBUG_INFO = NO;
				SDKROOT = iphoneos;
				TARGETED_DEVICE_FAMILY = "1,2";
				VALIDATE_PRODUCT = YES;
			};
			name = Release;
		};
		6D4B9BA91C7DF015007B0D6F /* Debug */ = {
			isa = XCBuildConfiguration;
			buildSettings = {
				ASSETCATALOG_COMPILER_APPICON_NAME = AppIcon;
				INFOPLIST_FILE = "AFN演练/Info.plist";
				LD_RUNPATH_SEARCH_PATHS = "$(inherited) @executable_path/Frameworks";
				PRODUCT_BUNDLE_IDENTIFIER = "fycx.cn.AFN--";
				PRODUCT_NAME = "$(TARGET_NAME)";
			};
			name = Debug;
		};
		6D4B9BAA1C7DF015007B0D6F /* Release */ = {
			isa = XCBuildConfiguration;
			buildSettings = {
				ASSETCATALOG_COMPILER_APPICON_NAME = AppIcon;
				INFOPLIST_FILE = "AFN演练/Info.plist";
				LD_RUNPATH_SEARCH_PATHS = "$(inherited) @executable_path/Frameworks";
				PRODUCT_BUNDLE_IDENTIFIER = "fycx.cn.AFN--";
				PRODUCT_NAME = "$(TARGET_NAME)";
			};
			name = Release;
		};
		6D4B9BAC1C7DF015007B0D6F /* Debug */ = {
			isa = XCBuildConfiguration;
			buildSettings = {
				BUNDLE_LOADER = "$(TEST_HOST)";
				INFOPLIST_FILE = "AFN演练Tests/Info.plist";
				LD_RUNPATH_SEARCH_PATHS = "$(inherited) @executable_path/Frameworks @loader_path/Frameworks";
				PRODUCT_BUNDLE_IDENTIFIER = "fycx.cn.AFN--Tests";
				PRODUCT_NAME = "$(TARGET_NAME)";
				TEST_HOST = "$(BUILT_PRODUCTS_DIR)/AFN演练.app/AFN演练";
			};
			name = Debug;
		};
		6D4B9BAD1C7DF015007B0D6F /* Release */ = {
			isa = XCBuildConfiguration;
			buildSettings = {
				BUNDLE_LOADER = "$(TEST_HOST)";
				INFOPLIST_FILE = "AFN演练Tests/Info.plist";
				LD_RUNPATH_SEARCH_PATHS = "$(inherited) @executable_path/Frameworks @loader_path/Frameworks";
				PRODUCT_BUNDLE_IDENTIFIER = "fycx.cn.AFN--Tests";
				PRODUCT_NAME = "$(TARGET_NAME)";
				TEST_HOST = "$(BUILT_PRODUCTS_DIR)/AFN演练.app/AFN演练";
			};
			name = Release;
		};
		6D4B9BAF1C7DF015007B0D6F /* Debug */ = {
			isa = XCBuildConfiguration;
			buildSettings = {
				INFOPLIST_FILE = "AFN演练UITests/Info.plist";
				LD_RUNPATH_SEARCH_PATHS = "$(inherited) @executable_path/Frameworks @loader_path/Frameworks";
				PRODUCT_BUNDLE_IDENTIFIER = "fycx.cn.AFN--UITests";
				PRODUCT_NAME = "$(TARGET_NAME)";
				TEST_TARGET_NAME = "AFN演练";
				USES_XCTRUNNER = YES;
			};
			name = Debug;
		};
		6D4B9BB01C7DF015007B0D6F /* Release */ = {
			isa = XCBuildConfiguration;
			buildSettings = {
				INFOPLIST_FILE = "AFN演练UITests/Info.plist";
				LD_RUNPATH_SEARCH_PATHS = "$(inherited) @executable_path/Frameworks @loader_path/Frameworks";
				PRODUCT_BUNDLE_IDENTIFIER = "fycx.cn.AFN--UITests";
				PRODUCT_NAME = "$(TARGET_NAME)";
				TEST_TARGET_NAME = "AFN演练";
				USES_XCTRUNNER = YES;
			};
			name = Release;
		};
/* End XCBuildConfiguration section */

/* Begin XCConfigurationList section */
		6D4B9B761C7DF015007B0D6F /* Build configuration list for PBXProject "AFN演练" */ = {
			isa = XCConfigurationList;
			buildConfigurations = (
				6D4B9BA61C7DF015007B0D6F /* Debug */,
				6D4B9BA71C7DF015007B0D6F /* Release */,
			);
			defaultConfigurationIsVisible = 0;
			defaultConfigurationName = Release;
		};
		6D4B9BA81C7DF015007B0D6F /* Build configuration list for PBXNativeTarget "AFN演练" */ = {
			isa = XCConfigurationList;
			buildConfigurations = (
				6D4B9BA91C7DF015007B0D6F /* Debug */,
				6D4B9BAA1C7DF015007B0D6F /* Release */,
			);
			defaultConfigurationIsVisible = 0;
		};
		6D4B9BAB1C7DF015007B0D6F /* Build configuration list for PBXNativeTarget "AFN演练Tests" */ = {
			isa = XCConfigurationList;
			buildConfigurations = (
				6D4B9BAC1C7DF015007B0D6F /* Debug */,
				6D4B9BAD1C7DF015007B0D6F /* Release */,
			);
			defaultConfigurationIsVisible = 0;
		};
		6D4B9BAE1C7DF015007B0D6F /* Build configuration list for PBXNativeTarget "AFN演练UITests" */ = {
			isa = XCConfigurationList;
			buildConfigurations = (
				6D4B9BAF1C7DF015007B0D6F /* Debug */,
				6D4B9BB01C7DF015007B0D6F /* Release */,
			);
			defaultConfigurationIsVisible = 0;
		};
/* End XCConfigurationList section */
	};
	rootObject = 6D4B9B731C7DF015007B0D6F /* Project object */;
}
