// !$*UTF8*$!
{
	archiveVersion = 1;
	classes = {
	};
	objectVersion = 46;
	objects = {

/* Begin PBXBuildFile section */
		4573226C4545F502F2C90ECB /* libPods.a in Frameworks */ = {isa = PBXBuildFile; fileRef = EA0EEC036E64E991F13E481C /* libPods.a */; };
		6D20BE191C7DC3D100DB08A6 /* main.m in Sources */ = {isa = PBXBuildFile; fileRef = 6D20BE181C7DC3D100DB08A6 /* main.m */; };
		6D20BE1C1C7DC3D100DB08A6 /* AppDelegate.m in Sources */ = {isa = PBXBuildFile; fileRef = 6D20BE1B1C7DC3D100DB08A6 /* AppDelegate.m */; };
		6D20BE241C7DC3D100DB08A6 /* Assets.xcassets in Resources */ = {isa = PBXBuildFile; fileRef = 6D20BE231C7DC3D100DB08A6 /* Assets.xcassets */; };
		6D20BE271C7DC3D100DB08A6 /* LaunchScreen.storyboard in Resources */ = {isa = PBXBuildFile; fileRef = 6D20BE251C7DC3D100DB08A6 /* LaunchScreen.storyboard */; };
		6D20BE321C7DC3D100DB08A6 /* _224______Tests.m in Sources */ = {isa = PBXBuildFile; fileRef = 6D20BE311C7DC3D100DB08A6 /* _224______Tests.m */; };
		6D20BE3D1C7DC3D100DB08A6 /* _224______UITests.m in Sources */ = {isa = PBXBuildFile; fileRef = 6D20BE3C1C7DC3D100DB08A6 /* _224______UITests.m */; };
		6D20BE511C7DC6DF00DB08A6 /* NewsTableViewController.m in Sources */ = {isa = PBXBuildFile; fileRef = 6D20BE501C7DC6DF00DB08A6 /* NewsTableViewController.m */; };
		6D20BE531C7DC6EC00DB08A6 /* News.storyboard in Resources */ = {isa = PBXBuildFile; fileRef = 6D20BE521C7DC6EC00DB08A6 /* News.storyboard */; };
		6D4B9C6B1C7E03A6007B0D6F /* NetworkTools.m in Sources */ = {isa = PBXBuildFile; fileRef = 6D4B9C6A1C7E03A6007B0D6F /* NetworkTools.m */; };
		6D4B9C6E1C7E093D007B0D6F /* News.m in Sources */ = {isa = PBXBuildFile; fileRef = 6D4B9C6D1C7E093D007B0D6F /* News.m */; };
		6D4B9C721C7E1156007B0D6F /* NSArray+Log.m in Sources */ = {isa = PBXBuildFile; fileRef = 6D4B9C711C7E1156007B0D6F /* NSArray+Log.m */; };
		6D4B9C751C7E29ED007B0D6F /* NewsCell.m in Sources */ = {isa = PBXBuildFile; fileRef = 6D4B9C741C7E29ED007B0D6F /* NewsCell.m */; };
/* End PBXBuildFile section */

/* Begin PBXContainerItemProxy section */
		6D20BE2E1C7DC3D100DB08A6 /* PBXContainerItemProxy */ = {
			isa = PBXContainerItemProxy;
			containerPortal = 6D20BE0C1C7DC3D100DB08A6 /* Project object */;
			proxyType = 1;
			remoteGlobalIDString = 6D20BE131C7DC3D100DB08A6;
			remoteInfo = "0224模仿网易新闻";
		};
		6D20BE391C7DC3D100DB08A6 /* PBXContainerItemProxy */ = {
			isa = PBXContainerItemProxy;
			containerPortal = 6D20BE0C1C7DC3D100DB08A6 /* Project object */;
			proxyType = 1;
			remoteGlobalIDString = 6D20BE131C7DC3D100DB08A6;
			remoteInfo = "0224模仿网易新闻";
		};
/* End PBXContainerItemProxy section */

/* Begin PBXFileReference section */
		6D20BE141C7DC3D100DB08A6 /* 0224模仿网易新闻.app */ = {isa = PBXFileReference; explicitFileType = wrapper.application; includeInIndex = 0; path = "0224模仿网易新闻.app"; sourceTree = BUILT_PRODUCTS_DIR; };
		6D20BE181C7DC3D100DB08A6 /* main.m */ = {isa = PBXFileReference; lastKnownFileType = sourcecode.c.objc; path = main.m; sourceTree = "<group>"; };
		6D20BE1A1C7DC3D100DB08A6 /* AppDelegate.h */ = {isa = PBXFileReference; lastKnownFileType = sourcecode.c.h; path = AppDelegate.h; sourceTree = "<group>"; };
		6D20BE1B1C7DC3D100DB08A6 /* AppDelegate.m */ = {isa = PBXFileReference; lastKnownFileType = sourcecode.c.objc; path = AppDelegate.m; sourceTree = "<group>"; };
		6D20BE231C7DC3D100DB08A6 /* Assets.xcassets */ = {isa = PBXFileReference; lastKnownFileType = folder.assetcatalog; path = Assets.xcassets; sourceTree = "<group>"; };
		6D20BE261C7DC3D100DB08A6 /* Base */ = {isa = PBXFileReference; lastKnownFileType = file.storyboard; name = Base; path = Base.lproj/LaunchScreen.storyboard; sourceTree = "<group>"; };
		6D20BE281C7DC3D100DB08A6 /* Info.plist */ = {isa = PBXFileReference; lastKnownFileType = text.plist.xml; path = Info.plist; sourceTree = "<group>"; };
		6D20BE2D1C7DC3D100DB08A6 /* 0224模仿网易新闻Tests.xctest */ = {isa = PBXFileReference; explicitFileType = wrapper.cfbundle; includeInIndex = 0; path = "0224模仿网易新闻Tests.xctest"; sourceTree = BUILT_PRODUCTS_DIR; };
		6D20BE311C7DC3D100DB08A6 /* _224______Tests.m */ = {isa = PBXFileReference; lastKnownFileType = sourcecode.c.objc; path = "_224______Tests.m"; sourceTree = "<group>"; };
		6D20BE331C7DC3D100DB08A6 /* Info.plist */ = {isa = PBXFileReference; lastKnownFileType = text.plist.xml; path = Info.plist; sourceTree = "<group>"; };
		6D20BE381C7DC3D100DB08A6 /* 0224模仿网易新闻UITests.xctest */ = {isa = PBXFileReference; explicitFileType = wrapper.cfbundle; includeInIndex = 0; path = "0224模仿网易新闻UITests.xctest"; sourceTree = BUILT_PRODUCTS_DIR; };
		6D20BE3C1C7DC3D100DB08A6 /* _224______UITests.m */ = {isa = PBXFileReference; lastKnownFileType = sourcecode.c.objc; path = "_224______UITests.m"; sourceTree = "<group>"; };
		6D20BE3E1C7DC3D100DB08A6 /* Info.plist */ = {isa = PBXFileReference; lastKnownFileType = text.plist.xml; path = Info.plist; sourceTree = "<group>"; };
		6D20BE4F1C7DC6DF00DB08A6 /* NewsTableViewController.h */ = {isa = PBXFileReference; fileEncoding = 4; lastKnownFileType = sourcecode.c.h; path = NewsTableViewController.h; sourceTree = "<group>"; };
		6D20BE501C7DC6DF00DB08A6 /* NewsTableViewController.m */ = {isa = PBXFileReference; fileEncoding = 4; lastKnownFileType = sourcecode.c.objc; path = NewsTableViewController.m; sourceTree = "<group>"; };
		6D20BE521C7DC6EC00DB08A6 /* News.storyboard */ = {isa = PBXFileReference; fileEncoding = 4; lastKnownFileType = file.storyboard; path = News.storyboard; sourceTree = "<group>"; };
		6D4B9C691C7E03A6007B0D6F /* NetworkTools.h */ = {isa = PBXFileReference; fileEncoding = 4; lastKnownFileType = sourcecode.c.h; path = NetworkTools.h; sourceTree = "<group>"; };
		6D4B9C6A1C7E03A6007B0D6F /* NetworkTools.m */ = {isa = PBXFileReference; fileEncoding = 4; lastKnownFileType = sourcecode.c.objc; path = NetworkTools.m; sourceTree = "<group>"; };
		6D4B9C6C1C7E093D007B0D6F /* News.h */ = {isa = PBXFileReference; fileEncoding = 4; lastKnownFileType = sourcecode.c.h; path = News.h; sourceTree = "<group>"; };
		6D4B9C6D1C7E093D007B0D6F /* News.m */ = {isa = PBXFileReference; fileEncoding = 4; lastKnownFileType = sourcecode.c.objc; path = News.m; sourceTree = "<group>"; };
		6D4B9C701C7E1156007B0D6F /* NSArray+Log.h */ = {isa = PBXFileReference; fileEncoding = 4; lastKnownFileType = sourcecode.c.h; path = "NSArray+Log.h"; sourceTree = "<group>"; };
		6D4B9C711C7E1156007B0D6F /* NSArray+Log.m */ = {isa = PBXFileReference; fileEncoding = 4; lastKnownFileType = sourcecode.c.objc; path = "NSArray+Log.m"; sourceTree = "<group>"; };
		6D4B9C731C7E29ED007B0D6F /* NewsCell.h */ = {isa = PBXFileReference; fileEncoding = 4; lastKnownFileType = sourcecode.c.h; path = NewsCell.h; sourceTree = "<group>"; };
		6D4B9C741C7E29ED007B0D6F /* NewsCell.m */ = {isa = PBXFileReference; fileEncoding = 4; lastKnownFileType = sourcecode.c.objc; path = NewsCell.m; sourceTree = "<group>"; };
		95A28D8D3EA3BE34B396F9BE /* Pods.release.xcconfig */ = {isa = PBXFileReference; includeInIndex = 1; lastKnownFileType = text.xcconfig; name = Pods.release.xcconfig; path = "Pods/Target Support Files/Pods/Pods.release.xcconfig"; sourceTree = "<group>"; };
		EA0EEC036E64E991F13E481C /* libPods.a */ = {isa = PBXFileReference; explicitFileType = archive.ar; includeInIndex = 0; path = libPods.a; sourceTree = BUILT_PRODUCTS_DIR; };
		F20A8439F04D142360EBE958 /* Pods.debug.xcconfig */ = {isa = PBXFileReference; includeInIndex = 1; lastKnownFileType = text.xcconfig; name = Pods.debug.xcconfig; path = "Pods/Target Support Files/Pods/Pods.debug.xcconfig"; sourceTree = "<group>"; };
/* End PBXFileReference section */

/* Begin PBXFrameworksBuildPhase section */
		6D20BE111C7DC3D100DB08A6 /* Frameworks */ = {
			isa = PBXFrameworksBuildPhase;
			buildActionMask = 2147483647;
			files = (
				4573226C4545F502F2C90ECB /* libPods.a in Frameworks */,
			);
			runOnlyForDeploymentPostprocessing = 0;
		};
		6D20BE2A1C7DC3D100DB08A6 /* Frameworks */ = {
			isa = PBXFrameworksBuildPhase;
			buildActionMask = 2147483647;
			files = (
			);
			runOnlyForDeploymentPostprocessing = 0;
		};
		6D20BE351C7DC3D100DB08A6 /* Frameworks */ = {
			isa = PBXFrameworksBuildPhase;
			buildActionMask = 2147483647;
			files = (
			);
			runOnlyForDeploymentPostprocessing = 0;
		};
/* End PBXFrameworksBuildPhase section */

/* Begin PBXGroup section */
		4F44CC0B9C34ECA0F8FE4A5E /* Pods */ = {
			isa = PBXGroup;
			children = (
				F20A8439F04D142360EBE958 /* Pods.debug.xcconfig */,
				95A28D8D3EA3BE34B396F9BE /* Pods.release.xcconfig */,
			);
			name = Pods;
			sourceTree = "<group>";
		};
		6D20BE0B1C7DC3D100DB08A6 = {
			isa = PBXGroup;
			children = (
				6D20BE161C7DC3D100DB08A6 /* 0224模仿网易新闻 */,
				6D20BE301C7DC3D100DB08A6 /* 0224模仿网易新闻Tests */,
				6D20BE3B1C7DC3D100DB08A6 /* 0224模仿网易新闻UITests */,
				6D20BE151C7DC3D100DB08A6 /* Products */,
				4F44CC0B9C34ECA0F8FE4A5E /* Pods */,
				CED0DD231294245143150332 /* Frameworks */,
			);
			sourceTree = "<group>";
		};
		6D20BE151C7DC3D100DB08A6 /* Products */ = {
			isa = PBXGroup;
			children = (
				6D20BE141C7DC3D100DB08A6 /* 0224模仿网易新闻.app */,
				6D20BE2D1C7DC3D100DB08A6 /* 0224模仿网易新闻Tests.xctest */,
				6D20BE381C7DC3D100DB08A6 /* 0224模仿网易新闻UITests.xctest */,
			);
			name = Products;
			sourceTree = "<group>";
		};
		6D20BE161C7DC3D100DB08A6 /* 0224模仿网易新闻 */ = {
			isa = PBXGroup;
			children = (
				6D20BE4C1C7DC67D00DB08A6 /* Classes */,
				6D20BE1A1C7DC3D100DB08A6 /* AppDelegate.h */,
				6D20BE1B1C7DC3D100DB08A6 /* AppDelegate.m */,
				6D20BE231C7DC3D100DB08A6 /* Assets.xcassets */,
				6D20BE251C7DC3D100DB08A6 /* LaunchScreen.storyboard */,
				6D20BE281C7DC3D100DB08A6 /* Info.plist */,
				6D20BE171C7DC3D100DB08A6 /* Supporting Files */,
			);
			path = "0224模仿网易新闻";
			sourceTree = "<group>";
		};
		6D20BE171C7DC3D100DB08A6 /* Supporting Files */ = {
			isa = PBXGroup;
			children = (
				6D20BE181C7DC3D100DB08A6 /* main.m */,
			);
			name = "Supporting Files";
			sourceTree = "<group>";
		};
		6D20BE301C7DC3D100DB08A6 /* 0224模仿网易新闻Tests */ = {
			isa = PBXGroup;
			children = (
				6D20BE311C7DC3D100DB08A6 /* _224______Tests.m */,
				6D20BE331C7DC3D100DB08A6 /* Info.plist */,
			);
			path = "0224模仿网易新闻Tests";
			sourceTree = "<group>";
		};
		6D20BE3B1C7DC3D100DB08A6 /* 0224模仿网易新闻UITests */ = {
			isa = PBXGroup;
			children = (
				6D20BE3C1C7DC3D100DB08A6 /* _224______UITests.m */,
				6D20BE3E1C7DC3D100DB08A6 /* Info.plist */,
			);
			path = "0224模仿网易新闻UITests";
			sourceTree = "<group>";
		};
		6D20BE4C1C7DC67D00DB08A6 /* Classes */ = {
			isa = PBXGroup;
			children = (
				6D20BE4D1C7DC67D00DB08A6 /* News */,
				6D20BE4E1C7DC67D00DB08A6 /* Tools */,
			);
			path = Classes;
			sourceTree = "<group>";
		};
		6D20BE4D1C7DC67D00DB08A6 /* News */ = {
			isa = PBXGroup;
			children = (
				6D20BE521C7DC6EC00DB08A6 /* News.storyboard */,
				6D20BE4F1C7DC6DF00DB08A6 /* NewsTableViewController.h */,
				6D20BE501C7DC6DF00DB08A6 /* NewsTableViewController.m */,
				6D4B9C6C1C7E093D007B0D6F /* News.h */,
				6D4B9C6D1C7E093D007B0D6F /* News.m */,
				6D4B9C731C7E29ED007B0D6F /* NewsCell.h */,
				6D4B9C741C7E29ED007B0D6F /* NewsCell.m */,
			);
			path = News;
			sourceTree = "<group>";
		};
		6D20BE4E1C7DC67D00DB08A6 /* Tools */ = {
			isa = PBXGroup;
			children = (
				6D4B9C6F1C7E1156007B0D6F /* Log */,
				6D4B9C691C7E03A6007B0D6F /* NetworkTools.h */,
				6D4B9C6A1C7E03A6007B0D6F /* NetworkTools.m */,
			);
			path = Tools;
			sourceTree = "<group>";
		};
		6D4B9C6F1C7E1156007B0D6F /* Log */ = {
			isa = PBXGroup;
			children = (
				6D4B9C701C7E1156007B0D6F /* NSArray+Log.h */,
				6D4B9C711C7E1156007B0D6F /* NSArray+Log.m */,
			);
			path = Log;
			sourceTree = "<group>";
		};
		CED0DD231294245143150332 /* Frameworks */ = {
			isa = PBXGroup;
			children = (
				EA0EEC036E64E991F13E481C /* libPods.a */,
			);
			name = Frameworks;
			sourceTree = "<group>";
		};
/* End PBXGroup section */

/* Begin PBXNativeTarget section */
		6D20BE131C7DC3D100DB08A6 /* 0224模仿网易新闻 */ = {
			isa = PBXNativeTarget;
			buildConfigurationList = 6D20BE411C7DC3D100DB08A6 /* Build configuration list for PBXNativeTarget "0224模仿网易新闻" */;
			buildPhases = (
				B2AAF0CCC853C3C46D699C15 /* Check Pods Manifest.lock */,
				6D20BE101C7DC3D100DB08A6 /* Sources */,
				6D20BE111C7DC3D100DB08A6 /* Frameworks */,
				6D20BE121C7DC3D100DB08A6 /* Resources */,
				B186568182342C5C5E179C3A /* Embed Pods Frameworks */,
				C040021F066F5285080BC296 /* Copy Pods Resources */,
			);
			buildRules = (
			);
			dependencies = (
			);
			name = "0224模仿网易新闻";
			productName = "0224模仿网易新闻";
			productReference = 6D20BE141C7DC3D100DB08A6 /* 0224模仿网易新闻.app */;
			productType = "com.apple.product-type.application";
		};
		6D20BE2C1C7DC3D100DB08A6 /* 0224模仿网易新闻Tests */ = {
			isa = PBXNativeTarget;
			buildConfigurationList = 6D20BE441C7DC3D100DB08A6 /* Build configuration list for PBXNativeTarget "0224模仿网易新闻Tests" */;
			buildPhases = (
				6D20BE291C7DC3D100DB08A6 /* Sources */,
				6D20BE2A1C7DC3D100DB08A6 /* Frameworks */,
				6D20BE2B1C7DC3D100DB08A6 /* Resources */,
			);
			buildRules = (
			);
			dependencies = (
				6D20BE2F1C7DC3D100DB08A6 /* PBXTargetDependency */,
			);
			name = "0224模仿网易新闻Tests";
			productName = "0224模仿网易新闻Tests";
			productReference = 6D20BE2D1C7DC3D100DB08A6 /* 0224模仿网易新闻Tests.xctest */;
			productType = "com.apple.product-type.bundle.unit-test";
		};
		6D20BE371C7DC3D100DB08A6 /* 0224模仿网易新闻UITests */ = {
			isa = PBXNativeTarget;
			buildConfigurationList = 6D20BE471C7DC3D100DB08A6 /* Build configuration list for PBXNativeTarget "0224模仿网易新闻UITests" */;
			buildPhases = (
				6D20BE341C7DC3D100DB08A6 /* Sources */,
				6D20BE351C7DC3D100DB08A6 /* Frameworks */,
				6D20BE361C7DC3D100DB08A6 /* Resources */,
			);
			buildRules = (
			);
			dependencies = (
				6D20BE3A1C7DC3D100DB08A6 /* PBXTargetDependency */,
			);
			name = "0224模仿网易新闻UITests";
			productName = "0224模仿网易新闻UITests";
			productReference = 6D20BE381C7DC3D100DB08A6 /* 0224模仿网易新闻UITests.xctest */;
			productType = "com.apple.product-type.bundle.ui-testing";
		};
/* End PBXNativeTarget section */

/* Begin PBXProject section */
		6D20BE0C1C7DC3D100DB08A6 /* Project object */ = {
			isa = PBXProject;
			attributes = {
				LastUpgradeCheck = 0720;
				ORGANIZATIONNAME = "王庆岩";
				TargetAttributes = {
					6D20BE131C7DC3D100DB08A6 = {
						CreatedOnToolsVersion = 7.2;
						DevelopmentTeam = M88M733323;
					};
					6D20BE2C1C7DC3D100DB08A6 = {
						CreatedOnToolsVersion = 7.2;
						DevelopmentTeam = M88M733323;
						TestTargetID = 6D20BE131C7DC3D100DB08A6;
					};
					6D20BE371C7DC3D100DB08A6 = {
						CreatedOnToolsVersion = 7.2;
						DevelopmentTeam = M88M733323;
						TestTargetID = 6D20BE131C7DC3D100DB08A6;
					};
				};
			};
			buildConfigurationList = 6D20BE0F1C7DC3D100DB08A6 /* Build configuration list for PBXProject "0224模仿网易新闻" */;
			compatibilityVersion = "Xcode 3.2";
			developmentRegion = English;
			hasScannedForEncodings = 0;
			knownRegions = (
				en,
				Base,
			);
			mainGroup = 6D20BE0B1C7DC3D100DB08A6;
			productRefGroup = 6D20BE151C7DC3D100DB08A6 /* Products */;
			projectDirPath = "";
			projectRoot = "";
			targets = (
				6D20BE131C7DC3D100DB08A6 /* 0224模仿网易新闻 */,
				6D20BE2C1C7DC3D100DB08A6 /* 0224模仿网易新闻Tests */,
				6D20BE371C7DC3D100DB08A6 /* 0224模仿网易新闻UITests */,
			);
		};
/* End PBXProject section */

/* Begin PBXResourcesBuildPhase section */
		6D20BE121C7DC3D100DB08A6 /* Resources */ = {
			isa = PBXResourcesBuildPhase;
			buildActionMask = 2147483647;
			files = (
				6D20BE271C7DC3D100DB08A6 /* LaunchScreen.storyboard in Resources */,
				6D20BE531C7DC6EC00DB08A6 /* News.storyboard in Resources */,
				6D20BE241C7DC3D100DB08A6 /* Assets.xcassets in Resources */,
			);
			runOnlyForDeploymentPostprocessing = 0;
		};
		6D20BE2B1C7DC3D100DB08A6 /* Resources */ = {
			isa = PBXResourcesBuildPhase;
			buildActionMask = 2147483647;
			files = (
			);
			runOnlyForDeploymentPostprocessing = 0;
		};
		6D20BE361C7DC3D100DB08A6 /* Resources */ = {
			isa = PBXResourcesBuildPhase;
			buildActionMask = 2147483647;
			files = (
			);
			runOnlyForDeploymentPostprocessing = 0;
		};
/* End PBXResourcesBuildPhase section */

/* Begin PBXShellScriptBuildPhase section */
		B186568182342C5C5E179C3A /* Embed Pods Frameworks */ = {
			isa = PBXShellScriptBuildPhase;
			buildActionMask = 2147483647;
			files = (
			);
			inputPaths = (
			);
			name = "Embed Pods Frameworks";
			outputPaths = (
			);
			runOnlyForDeploymentPostprocessing = 0;
			shellPath = /bin/sh;
			shellScript = "\"${SRCROOT}/Pods/Target Support Files/Pods/Pods-frameworks.sh\"\n";
			showEnvVarsInLog = 0;
		};
		B2AAF0CCC853C3C46D699C15 /* Check Pods Manifest.lock */ = {
			isa = PBXShellScriptBuildPhase;
			buildActionMask = 2147483647;
			files = (
			);
			inputPaths = (
			);
			name = "Check Pods Manifest.lock";
			outputPaths = (
			);
			runOnlyForDeploymentPostprocessing = 0;
			shellPath = /bin/sh;
			shellScript = "diff \"${PODS_ROOT}/../Podfile.lock\" \"${PODS_ROOT}/Manifest.lock\" > /dev/null\nif [[ $? != 0 ]] ; then\n    cat << EOM\nerror: The sandbox is not in sync with the Podfile.lock. Run 'pod install' or update your CocoaPods installation.\nEOM\n    exit 1\nfi\n";
			showEnvVarsInLog = 0;
		};
		C040021F066F5285080BC296 /* Copy Pods Resources */ = {
			isa = PBXShellScriptBuildPhase;
			buildActionMask = 2147483647;
			files = (
			);
			inputPaths = (
			);
			name = "Copy Pods Resources";
			outputPaths = (
			);
			runOnlyForDeploymentPostprocessing = 0;
			shellPath = /bin/sh;
			shellScript = "\"${SRCROOT}/Pods/Target Support Files/Pods/Pods-resources.sh\"\n";
			showEnvVarsInLog = 0;
		};
/* End PBXShellScriptBuildPhase section */

/* Begin PBXSourcesBuildPhase section */
		6D20BE101C7DC3D100DB08A6 /* Sources */ = {
			isa = PBXSourcesBuildPhase;
			buildActionMask = 2147483647;
			files = (
				6D4B9C6E1C7E093D007B0D6F /* News.m in Sources */,
				6D4B9C6B1C7E03A6007B0D6F /* NetworkTools.m in Sources */,
				6D20BE511C7DC6DF00DB08A6 /* NewsTableViewController.m in Sources */,
				6D4B9C751C7E29ED007B0D6F /* NewsCell.m in Sources */,
				6D4B9C721C7E1156007B0D6F /* NSArray+Log.m in Sources */,
				6D20BE1C1C7DC3D100DB08A6 /* AppDelegate.m in Sources */,
				6D20BE191C7DC3D100DB08A6 /* main.m in Sources */,
			);
			runOnlyForDeploymentPostprocessing = 0;
		};
		6D20BE291C7DC3D100DB08A6 /* Sources */ = {
			isa = PBXSourcesBuildPhase;
			buildActionMask = 2147483647;
			files = (
				6D20BE321C7DC3D100DB08A6 /* _224______Tests.m in Sources */,
			);
			runOnlyForDeploymentPostprocessing = 0;
		};
		6D20BE341C7DC3D100DB08A6 /* Sources */ = {
			isa = PBXSourcesBuildPhase;
			buildActionMask = 2147483647;
			files = (
				6D20BE3D1C7DC3D100DB08A6 /* _224______UITests.m in Sources */,
			);
			runOnlyForDeploymentPostprocessing = 0;
		};
/* End PBXSourcesBuildPhase section */

/* Begin PBXTargetDependency section */
		6D20BE2F1C7DC3D100DB08A6 /* PBXTargetDependency */ = {
			isa = PBXTargetDependency;
			target = 6D20BE131C7DC3D100DB08A6 /* 0224模仿网易新闻 */;
			targetProxy = 6D20BE2E1C7DC3D100DB08A6 /* PBXContainerItemProxy */;
		};
		6D20BE3A1C7DC3D100DB08A6 /* PBXTargetDependency */ = {
			isa = PBXTargetDependency;
			target = 6D20BE131C7DC3D100DB08A6 /* 0224模仿网易新闻 */;
			targetProxy = 6D20BE391C7DC3D100DB08A6 /* PBXContainerItemProxy */;
		};
/* End PBXTargetDependency section */

/* Begin PBXVariantGroup section */
		6D20BE251C7DC3D100DB08A6 /* LaunchScreen.storyboard */ = {
			isa = PBXVariantGroup;
			children = (
				6D20BE261C7DC3D100DB08A6 /* Base */,
			);
			name = LaunchScreen.storyboard;
			sourceTree = "<group>";
		};
/* End PBXVariantGroup section */

/* Begin XCBuildConfiguration section */
		6D20BE3F1C7DC3D100DB08A6 /* Debug */ = {
			isa = XCBuildConfiguration;
			buildSettings = {
				ALWAYS_SEARCH_USER_PATHS = NO;
				CLANG_CXX_LANGUAGE_STANDARD = "gnu++0x";
				CLANG_CXX_LIBRARY = "libc++";
				CLANG_ENABLE_MODULES = YES;
				CLANG_ENABLE_OBJC_ARC = YES;
				CLANG_WARN_BOOL_CONVERSION = YES;
				CLANG_WARN_CONSTANT_CONVERSION = YES;
				CLANG_WARN_DIRECT_OBJC_ISA_USAGE = YES_ERROR;
				CLANG_WARN_EMPTY_BODY = YES;
				CLANG_WARN_ENUM_CONVERSION = YES;
				CLANG_WARN_INT_CONVERSION = YES;
				CLANG_WARN_OBJC_ROOT_CLASS = YES_ERROR;
				CLANG_WARN_UNREACHABLE_CODE = YES;
				CLANG_WARN__DUPLICATE_METHOD_MATCH = YES;
				"CODE_SIGN_IDENTITY[sdk=iphoneos*]" = "iPhone Developer";
				COPY_PHASE_STRIP = NO;
				DEBUG_INFORMATION_FORMAT = dwarf;
				ENABLE_STRICT_OBJC_MSGSEND = YES;
				ENABLE_TESTABILITY = YES;
				GCC_C_LANGUAGE_STANDARD = gnu99;
				GCC_DYNAMIC_NO_PIC = NO;
				GCC_NO_COMMON_BLOCKS = YES;
				GCC_OPTIMIZATION_LEVEL = 0;
				GCC_PREPROCESSOR_DEFINITIONS = (
					"DEBUG=1",
					"$(inherited)",
				);
				GCC_WARN_64_TO_32_BIT_CONVERSION = YES;
				GCC_WARN_ABOUT_RETURN_TYPE = YES_ERROR;
				GCC_WARN_UNDECLARED_SELECTOR = YES;
				GCC_WARN_UNINITIALIZED_AUTOS = YES_AGGRESSIVE;
				GCC_WARN_UNUSED_FUNCTION = YES;
				GCC_WARN_UNUSED_VARIABLE = YES;
				IPHONEOS_DEPLOYMENT_TARGET = 9.2;
				MTL_ENABLE_DEBUG_INFO = YES;
				ONLY_ACTIVE_ARCH = YES;
				SDKROOT = iphoneos;
				TARGETED_DEVICE_FAMILY = "1,2";
			};
			name = Debug;
		};
		6D20BE401C7DC3D100DB08A6 /* Release */ = {
			isa = XCBuildConfiguration;
			buildSettings = {
				ALWAYS_SEARCH_USER_PATHS = NO;
				CLANG_CXX_LANGUAGE_STANDARD = "gnu++0x";
				CLANG_CXX_LIBRARY = "libc++";
				CLANG_ENABLE_MODULES = YES;
				CLANG_ENABLE_OBJC_ARC = YES;
				CLANG_WARN_BOOL_CONVERSION = YES;
				CLANG_WARN_CONSTANT_CONVERSION = YES;
				CLANG_WARN_DIRECT_OBJC_ISA_USAGE = YES_ERROR;
				CLANG_WARN_EMPTY_BODY = YES;
				CLANG_WARN_ENUM_CONVERSION = YES;
				CLANG_WARN_INT_CONVERSION = YES;
				CLANG_WARN_OBJC_ROOT_CLASS = YES_ERROR;
				CLANG_WARN_UNREACHABLE_CODE = YES;
				CLANG_WARN__DUPLICATE_METHOD_MATCH = YES;
				"CODE_SIGN_IDENTITY[sdk=iphoneos*]" = "iPhone Developer";
				COPY_PHASE_STRIP = NO;
				DEBUG_INFORMATION_FORMAT = "dwarf-with-dsym";
				ENABLE_NS_ASSERTIONS = NO;
				ENABLE_STRICT_OBJC_MSGSEND = YES;
				GCC_C_LANGUAGE_STANDARD = gnu99;
				GCC_NO_COMMON_BLOCKS = YES;
				GCC_WARN_64_TO_32_BIT_CONVERSION = YES;
				GCC_WARN_ABOUT_RETURN_TYPE = YES_ERROR;
				GCC_WARN_UNDECLARED_SELECTOR = YES;
				GCC_WARN_UNINITIALIZED_AUTOS = YES_AGGRESSIVE;
				GCC_WARN_UNUSED_FUNCTION = YES;
				GCC_WARN_UNUSED_VARIABLE = YES;
				IPHONEOS_DEPLOYMENT_TARGET = 9.2;
				MTL_ENABLE_DEBUG_INFO = NO;
				SDKROOT = iphoneos;
				TARGETED_DEVICE_FAMILY = "1,2";
				VALIDATE_PRODUCT = YES;
			};
			name = Release;
		};
		6D20BE421C7DC3D100DB08A6 /* Debug */ = {
			isa = XCBuildConfiguration;
			baseConfigurationReference = F20A8439F04D142360EBE958 /* Pods.debug.xcconfig */;
			buildSettings = {
				ASSETCATALOG_COMPILER_APPICON_NAME = AppIcon;
				INFOPLIST_FILE = "0224模仿网易新闻/Info.plist";
				LD_RUNPATH_SEARCH_PATHS = "$(inherited) @executable_path/Frameworks";
				PRODUCT_BUNDLE_IDENTIFIER = "fycx.cn.-224------";
				PRODUCT_NAME = "$(TARGET_NAME)";
			};
			name = Debug;
		};
		6D20BE431C7DC3D100DB08A6 /* Release */ = {
			isa = XCBuildConfiguration;
			baseConfigurationReference = 95A28D8D3EA3BE34B396F9BE /* Pods.release.xcconfig */;
			buildSettings = {
				ASSETCATALOG_COMPILER_APPICON_NAME = AppIcon;
				INFOPLIST_FILE = "0224模仿网易新闻/Info.plist";
				LD_RUNPATH_SEARCH_PATHS = "$(inherited) @executable_path/Frameworks";
				PRODUCT_BUNDLE_IDENTIFIER = "fycx.cn.-224------";
				PRODUCT_NAME = "$(TARGET_NAME)";
			};
			name = Release;
		};
		6D20BE451C7DC3D100DB08A6 /* Debug */ = {
			isa = XCBuildConfiguration;
			buildSettings = {
				BUNDLE_LOADER = "$(TEST_HOST)";
				INFOPLIST_FILE = "0224模仿网易新闻Tests/Info.plist";
				LD_RUNPATH_SEARCH_PATHS = "$(inherited) @executable_path/Frameworks @loader_path/Frameworks";
				PRODUCT_BUNDLE_IDENTIFIER = "fycx.cn.-224------Tests";
				PRODUCT_NAME = "$(TARGET_NAME)";
				TEST_HOST = "$(BUILT_PRODUCTS_DIR)/0224模仿网易新闻.app/0224模仿网易新闻";
			};
			name = Debug;
		};
		6D20BE461C7DC3D100DB08A6 /* Release */ = {
			isa = XCBuildConfiguration;
			buildSettings = {
				BUNDLE_LOADER = "$(TEST_HOST)";
				INFOPLIST_FILE = "0224模仿网易新闻Tests/Info.plist";
				LD_RUNPATH_SEARCH_PATHS = "$(inherited) @executable_path/Frameworks @loader_path/Frameworks";
				PRODUCT_BUNDLE_IDENTIFIER = "fycx.cn.-224------Tests";
				PRODUCT_NAME = "$(TARGET_NAME)";
				TEST_HOST = "$(BUILT_PRODUCTS_DIR)/0224模仿网易新闻.app/0224模仿网易新闻";
			};
			name = Release;
		};
		6D20BE481C7DC3D100DB08A6 /* Debug */ = {
			isa = XCBuildConfiguration;
			buildSettings = {
				INFOPLIST_FILE = "0224模仿网易新闻UITests/Info.plist";
				LD_RUNPATH_SEARCH_PATHS = "$(inherited) @executable_path/Frameworks @loader_path/Frameworks";
				PRODUCT_BUNDLE_IDENTIFIER = "fycx.cn.-224------UITests";
				PRODUCT_NAME = "$(TARGET_NAME)";
				TEST_TARGET_NAME = "0224模仿网易新闻";
				USES_XCTRUNNER = YES;
			};
			name = Debug;
		};
		6D20BE491C7DC3D100DB08A6 /* Release */ = {
			isa = XCBuildConfiguration;
			buildSettings = {
				INFOPLIST_FILE = "0224模仿网易新闻UITests/Info.plist";
				LD_RUNPATH_SEARCH_PATHS = "$(inherited) @executable_path/Frameworks @loader_path/Frameworks";
				PRODUCT_BUNDLE_IDENTIFIER = "fycx.cn.-224------UITests";
				PRODUCT_NAME = "$(TARGET_NAME)";
				TEST_TARGET_NAME = "0224模仿网易新闻";
				USES_XCTRUNNER = YES;
			};
			name = Release;
		};
/* End XCBuildConfiguration section */

/* Begin XCConfigurationList section */
		6D20BE0F1C7DC3D100DB08A6 /* Build configuration list for PBXProject "0224模仿网易新闻" */ = {
			isa = XCConfigurationList;
			buildConfigurations = (
				6D20BE3F1C7DC3D100DB08A6 /* Debug */,
				6D20BE401C7DC3D100DB08A6 /* Release */,
			);
			defaultConfigurationIsVisible = 0;
			defaultConfigurationName = Release;
		};
		6D20BE411C7DC3D100DB08A6 /* Build configuration list for PBXNativeTarget "0224模仿网易新闻" */ = {
			isa = XCConfigurationList;
			buildConfigurations = (
				6D20BE421C7DC3D100DB08A6 /* Debug */,
				6D20BE431C7DC3D100DB08A6 /* Release */,
			);
			defaultConfigurationIsVisible = 0;
			defaultConfigurationName = Release;
		};
		6D20BE441C7DC3D100DB08A6 /* Build configuration list for PBXNativeTarget "0224模仿网易新闻Tests" */ = {
			isa = XCConfigurationList;
			buildConfigurations = (
				6D20BE451C7DC3D100DB08A6 /* Debug */,
				6D20BE461C7DC3D100DB08A6 /* Release */,
			);
			defaultConfigurationIsVisible = 0;
			defaultConfigurationName = Release;
		};
		6D20BE471C7DC3D100DB08A6 /* Build configuration list for PBXNativeTarget "0224模仿网易新闻UITests" */ = {
			isa = XCConfigurationList;
			buildConfigurations = (
				6D20BE481C7DC3D100DB08A6 /* Debug */,
				6D20BE491C7DC3D100DB08A6 /* Release */,
			);
			defaultConfigurationIsVisible = 0;
			defaultConfigurationName = Release;
		};
/* End XCConfigurationList section */
	};
	rootObject = 6D20BE0C1C7DC3D100DB08A6 /* Project object */;
}
